
Microsoft Visual Studio Solution File, Format Version 12.00
# Visual Studio Version 17
VisualStudioVersion = 17.11.35327.3
MinimumVisualStudioVersion = 10.0.40219.1
Project("{FAE04EC0-301F-11D3-BF4B-00C04F79EFBC}") = "PrntscrScraper", "PrntscrScraper.csproj", "{2A01390D-F54B-48BC-9D38-0213031BB274}"
EndProject
Global
	GlobalSection(SolutionConfigurationPlatforms) = preSolution
		Debug|Any CPU = Debug|Any CPU
		Release|Any CPU = Release|Any CPU
	EndGlobalSection
	GlobalSection(ProjectConfigurationPlatforms) = postSolution
		{2A01390D-F54B-48BC-9D38-0213031BB274}.Debug|Any CPU.ActiveCfg = Debug|Any CPU
		{2A01390D-F54B-48BC-9D38-0213031BB274}.Debug|Any CPU.Build.0 = Debug|Any CPU
		{2A01390D-F54B-48BC-9D38-0213031BB274}.Release|Any CPU.ActiveCfg = Release|Any CPU
		{2A01390D-F54B-48BC-9D38-0213031BB274}.Release|Any CPU.Build.0 = Release|Any CPU
	EndGlobalSection
	GlobalSection(SolutionProperties) = preSolution
		HideSolutionNode = FALSE
	EndGlobalSection
	GlobalSection(ExtensibilityGlobals) = postSolution
		SolutionGuid = {656C3080-7F91-4426-9369-3B49B8C5D881}
	EndGlobalSection
EndGlobal
